
Microsoft Visual Studio Solution File, Format Version 12.00
# Visual Studio 15
VisualStudioVersion = 15.0.27703.2035
MinimumVisualStudioVersion = 10.0.40219.1
Project("{FAE04EC0-301F-11D3-BF4B-00C04F79EFBC}") = "TestPokemon", "TestPokemon\TestPokemon.csproj", "{96DF4D5F-9F16-462F-B151-568BFC87DDEB}"
EndProject
Global
	GlobalSection(SolutionConfigurationPlatforms) = preSolution
		Debug|Any CPU = Debug|Any CPU
		Release|Any CPU = Release|Any CPU
	EndGlobalSection
	GlobalSection(ProjectConfigurationPlatforms) = postSolution
		{96DF4D5F-9F16-462F-B151-568BFC87DDEB}.Debug|Any CPU.ActiveCfg = Debug|Any CPU
		{96DF4D5F-9F16-462F-B151-568BFC87DDEB}.Debug|Any CPU.Build.0 = Debug|Any CPU
		{96DF4D5F-9F16-462F-B151-568BFC87DDEB}.Release|Any CPU.ActiveCfg = Release|Any CPU
		{96DF4D5F-9F16-462F-B151-568BFC87DDEB}.Release|Any CPU.Build.0 = Release|Any CPU
	EndGlobalSection
	GlobalSection(SolutionProperties) = preSolution
		HideSolutionNode = FALSE
	EndGlobalSection
	GlobalSection(ExtensibilityGlobals) = postSolution
		SolutionGuid = {EC7F098A-B0DE-4F92-9374-C6D2188EB23A}
	EndGlobalSection
EndGlobal
